schema: '2.0'
stages:
  train:
    cmd: python src/train_log_mlflow.py
    deps:
    - path: data/smsspamcollection/SMSSpamCollection
      hash: md5
      md5: 1949b64a224790d01335c2bf8a0e48b2
      size: 477907
    - path: src/train_log_mlflow.py
      hash: md5
      md5: e8247e529a968a0cda9414b9564498e2
      size: 4448
    outs:
    - path: outputs
      hash: md5
      md5: c586f535a9193ef8a4089bc11ce2c2b8.dir
      size: 39549
      nfiles: 2
