schema: '2.0'
stages:
  train:
    cmd: python src/train_log_mlflow.py
    deps:
    - path: data/smsspamcollection/SMSSpamCollection
      hash: md5
      md5: 1949b64a224790d01335c2bf8a0e48b2
      size: 477907
    - path: src/train_log_mlflow.py
      hash: md5
      md5: c4c626b733c9bdc106d5186142ac98e9
      size: 5087
    outs:
    - path: outputs
      hash: md5
      md5: 4b2bb53a92f3b529cf07c4e3b90ae84c.dir
      size: 33028
      nfiles: 4
